// !$*UTF8*$!
{
	archiveVersion = 1;
	classes = {
	};
	objectVersion = 46;
	objects = {

/* Begin PBXBuildFile section */
		BB75722B1E5523B50018FFD1 /* AppDelegate.swift in Sources */ = {isa = PBXBuildFile; fileRef = BB75722A1E5523B50018FFD1 /* AppDelegate.swift */; };
		BB75722D1E5523B50018FFD1 /* WelcomeViewController.swift in Sources */ = {isa = PBXBuildFile; fileRef = BB75722C1E5523B50018FFD1 /* WelcomeViewController.swift */; };
		BB7572301E5523B50018FFD1 /* Main.storyboard in Resources */ = {isa = PBXBuildFile; fileRef = BB75722E1E5523B50018FFD1 /* Main.storyboard */; };
		BB7572351E5523B50018FFD1 /* LaunchScreen.storyboard in Resources */ = {isa = PBXBuildFile; fileRef = BB7572331E5523B50018FFD1 /* LaunchScreen.storyboard */; };
		BBB9133C1E555AD400E779AA /* BiteChalk.ttf in Resources */ = {isa = PBXBuildFile; fileRef = BB75723C1E55591F0018FFD1 /* BiteChalk.ttf */; };
		BBB9133D1E555AD800E779AA /* BiteChalkBold.ttf in Resources */ = {isa = PBXBuildFile; fileRef = BB75723D1E55591F0018FFD1 /* BiteChalkBold.ttf */; };
		BBB9133E1E555AD800E779AA /* BiteChalkNormal.ttf in Resources */ = {isa = PBXBuildFile; fileRef = BB75723E1E55591F0018FFD1 /* BiteChalkNormal.ttf */; };
		BBB9133F1E555AD800E779AA /* BiteChalkSlim.ttf in Resources */ = {isa = PBXBuildFile; fileRef = BB75723F1E55591F0018FFD1 /* BiteChalkSlim.ttf */; };
		BBB913411E555F3F00E779AA /* LoginViewController.swift in Sources */ = {isa = PBXBuildFile; fileRef = BBB913401E555F3F00E779AA /* LoginViewController.swift */; };
		BBB913431E555F4A00E779AA /* RegisterViewController.swift in Sources */ = {isa = PBXBuildFile; fileRef = BBB913421E555F4A00E779AA /* RegisterViewController.swift */; };
		BBB913451E555F5200E779AA /* MainViewController.swift in Sources */ = {isa = PBXBuildFile; fileRef = BBB913441E555F5200E779AA /* MainViewController.swift */; };
		BBB913471E55601300E779AA /* SettingsViewController.swift in Sources */ = {isa = PBXBuildFile; fileRef = BBB913461E55601300E779AA /* SettingsViewController.swift */; };
		BBB913491E55601A00E779AA /* GameViewController.swift in Sources */ = {isa = PBXBuildFile; fileRef = BBB913481E55601A00E779AA /* GameViewController.swift */; };
		BBB9134B1E5563CE00E779AA /* GoogleService-Info.plist in Resources */ = {isa = PBXBuildFile; fileRef = BBB9134A1E5563CE00E779AA /* GoogleService-Info.plist */; };
		BBB9134F1E5600E800E779AA /* HangmanAPI.swift in Sources */ = {isa = PBXBuildFile; fileRef = BBB9134E1E5600E800E779AA /* HangmanAPI.swift */; };
		BBB913511E56012800E779AA /* HangmanData.swift in Sources */ = {isa = PBXBuildFile; fileRef = BBB913501E56012800E779AA /* HangmanData.swift */; };
		BBDA19381E5607B40007FBA0 /* Secrets.swift in Sources */ = {isa = PBXBuildFile; fileRef = BBDA19371E5607B40007FBA0 /* Secrets.swift */; };
		BBDA193C1E5683620007FBA0 /* KeychainWrapper.m in Sources */ = {isa = PBXBuildFile; fileRef = BBDA193B1E5683620007FBA0 /* KeychainWrapper.m */; };
		BBDA193E1E569AB40007FBA0 /* Assets.xcassets in Resources */ = {isa = PBXBuildFile; fileRef = BBDA193D1E569AB40007FBA0 /* Assets.xcassets */; };
		BBDA19401E56A2690007FBA0 /* Extensions.swift in Sources */ = {isa = PBXBuildFile; fileRef = BBDA193F1E56A2690007FBA0 /* Extensions.swift */; };
		BBDA19421E56ACF80007FBA0 /* User.swift in Sources */ = {isa = PBXBuildFile; fileRef = BBDA19411E56ACF80007FBA0 /* User.swift */; };
		BBDA19441E56C7550007FBA0 /* AppController.swift in Sources */ = {isa = PBXBuildFile; fileRef = BBDA19431E56C7550007FBA0 /* AppController.swift */; };
		BF7EBD834073AEFC7A23D4FD /* Pods_Hangman.framework in Frameworks */ = {isa = PBXBuildFile; fileRef = F5AA33B22C41146A2108DEA2 /* Pods_Hangman.framework */; };
/* End PBXBuildFile section */

/* Begin PBXFileReference section */
		5335D00A5461AE17F5E13335 /* Pods-Hangman.release.xcconfig */ = {isa = PBXFileReference; includeInIndex = 1; lastKnownFileType = text.xcconfig; name = "Pods-Hangman.release.xcconfig"; path = "Pods/Target Support Files/Pods-Hangman/Pods-Hangman.release.xcconfig"; sourceTree = "<group>"; };
		6450A2F37BDEE478CB2A888D /* Pods-Hangman.debug.xcconfig */ = {isa = PBXFileReference; includeInIndex = 1; lastKnownFileType = text.xcconfig; name = "Pods-Hangman.debug.xcconfig"; path = "Pods/Target Support Files/Pods-Hangman/Pods-Hangman.debug.xcconfig"; sourceTree = "<group>"; };
		BB7572271E5523B50018FFD1 /* Hangman.app */ = {isa = PBXFileReference; explicitFileType = wrapper.application; includeInIndex = 0; path = Hangman.app; sourceTree = BUILT_PRODUCTS_DIR; };
		BB75722A1E5523B50018FFD1 /* AppDelegate.swift */ = {isa = PBXFileReference; lastKnownFileType = sourcecode.swift; path = AppDelegate.swift; sourceTree = "<group>"; };
		BB75722C1E5523B50018FFD1 /* WelcomeViewController.swift */ = {isa = PBXFileReference; lastKnownFileType = sourcecode.swift; path = WelcomeViewController.swift; sourceTree = "<group>"; };
		BB75722F1E5523B50018FFD1 /* Base */ = {isa = PBXFileReference; lastKnownFileType = file.storyboard; name = Base; path = Base.lproj/Main.storyboard; sourceTree = "<group>"; };
		BB7572341E5523B50018FFD1 /* Base */ = {isa = PBXFileReference; lastKnownFileType = file.storyboard; name = Base; path = Base.lproj/LaunchScreen.storyboard; sourceTree = "<group>"; };
		BB7572361E5523B50018FFD1 /* Info.plist */ = {isa = PBXFileReference; lastKnownFileType = text.plist.xml; path = Info.plist; sourceTree = "<group>"; };
		BB75723C1E55591F0018FFD1 /* BiteChalk.ttf */ = {isa = PBXFileReference; lastKnownFileType = file; path = BiteChalk.ttf; sourceTree = "<group>"; };
		BB75723D1E55591F0018FFD1 /* BiteChalkBold.ttf */ = {isa = PBXFileReference; lastKnownFileType = file; path = BiteChalkBold.ttf; sourceTree = "<group>"; };
		BB75723E1E55591F0018FFD1 /* BiteChalkNormal.ttf */ = {isa = PBXFileReference; lastKnownFileType = file; path = BiteChalkNormal.ttf; sourceTree = "<group>"; };
		BB75723F1E55591F0018FFD1 /* BiteChalkSlim.ttf */ = {isa = PBXFileReference; lastKnownFileType = file; path = BiteChalkSlim.ttf; sourceTree = "<group>"; };
		BBB913401E555F3F00E779AA /* LoginViewController.swift */ = {isa = PBXFileReference; fileEncoding = 4; lastKnownFileType = sourcecode.swift; path = LoginViewController.swift; sourceTree = "<group>"; };
		BBB913421E555F4A00E779AA /* RegisterViewController.swift */ = {isa = PBXFileReference; fileEncoding = 4; lastKnownFileType = sourcecode.swift; path = RegisterViewController.swift; sourceTree = "<group>"; };
		BBB913441E555F5200E779AA /* MainViewController.swift */ = {isa = PBXFileReference; fileEncoding = 4; lastKnownFileType = sourcecode.swift; path = MainViewController.swift; sourceTree = "<group>"; };
		BBB913461E55601300E779AA /* SettingsViewController.swift */ = {isa = PBXFileReference; fileEncoding = 4; lastKnownFileType = sourcecode.swift; path = SettingsViewController.swift; sourceTree = "<group>"; };
		BBB913481E55601A00E779AA /* GameViewController.swift */ = {isa = PBXFileReference; fileEncoding = 4; lastKnownFileType = sourcecode.swift; path = GameViewController.swift; sourceTree = "<group>"; };
		BBB9134A1E5563CE00E779AA /* GoogleService-Info.plist */ = {isa = PBXFileReference; fileEncoding = 4; lastKnownFileType = text.plist.xml; path = "GoogleService-Info.plist"; sourceTree = "<group>"; };
		BBB9134E1E5600E800E779AA /* HangmanAPI.swift */ = {isa = PBXFileReference; fileEncoding = 4; lastKnownFileType = sourcecode.swift; path = HangmanAPI.swift; sourceTree = "<group>"; };
		BBB913501E56012800E779AA /* HangmanData.swift */ = {isa = PBXFileReference; fileEncoding = 4; lastKnownFileType = sourcecode.swift; path = HangmanData.swift; sourceTree = "<group>"; };
		BBDA19371E5607B40007FBA0 /* Secrets.swift */ = {isa = PBXFileReference; fileEncoding = 4; lastKnownFileType = sourcecode.swift; path = Secrets.swift; sourceTree = "<group>"; };
		BBDA19391E5683610007FBA0 /* Hangman-Bridging-Header.h */ = {isa = PBXFileReference; lastKnownFileType = sourcecode.c.h; path = "Hangman-Bridging-Header.h"; sourceTree = "<group>"; };
		BBDA193A1E5683620007FBA0 /* KeychainWrapper.h */ = {isa = PBXFileReference; fileEncoding = 4; lastKnownFileType = sourcecode.c.h; path = KeychainWrapper.h; sourceTree = "<group>"; };
		BBDA193B1E5683620007FBA0 /* KeychainWrapper.m */ = {isa = PBXFileReference; fileEncoding = 4; lastKnownFileType = sourcecode.c.objc; path = KeychainWrapper.m; sourceTree = "<group>"; };
		BBDA193D1E569AB40007FBA0 /* Assets.xcassets */ = {isa = PBXFileReference; lastKnownFileType = folder.assetcatalog; path = Assets.xcassets; sourceTree = "<group>"; };
		BBDA193F1E56A2690007FBA0 /* Extensions.swift */ = {isa = PBXFileReference; fileEncoding = 4; lastKnownFileType = sourcecode.swift; path = Extensions.swift; sourceTree = "<group>"; };
		BBDA19411E56ACF80007FBA0 /* User.swift */ = {isa = PBXFileReference; fileEncoding = 4; lastKnownFileType = sourcecode.swift; path = User.swift; sourceTree = "<group>"; };
		BBDA19431E56C7550007FBA0 /* AppController.swift */ = {isa = PBXFileReference; fileEncoding = 4; lastKnownFileType = sourcecode.swift; path = AppController.swift; sourceTree = "<group>"; };
		F5AA33B22C41146A2108DEA2 /* Pods_Hangman.framework */ = {isa = PBXFileReference; explicitFileType = wrapper.framework; includeInIndex = 0; path = Pods_Hangman.framework; sourceTree = BUILT_PRODUCTS_DIR; };
/* End PBXFileReference section */

/* Begin PBXFrameworksBuildPhase section */
		BB7572241E5523B50018FFD1 /* Frameworks */ = {
			isa = PBXFrameworksBuildPhase;
			buildActionMask = 2147483647;
			files = (
				BF7EBD834073AEFC7A23D4FD /* Pods_Hangman.framework in Frameworks */,
			);
			runOnlyForDeploymentPostprocessing = 0;
		};
/* End PBXFrameworksBuildPhase section */

/* Begin PBXGroup section */
		763EC00AFFD9B89D239A7427 /* Pods */ = {
			isa = PBXGroup;
			children = (
				6450A2F37BDEE478CB2A888D /* Pods-Hangman.debug.xcconfig */,
				5335D00A5461AE17F5E13335 /* Pods-Hangman.release.xcconfig */,
			);
			name = Pods;
			sourceTree = "<group>";
		};
		883BE700D5E8A66E1FCB682D /* Frameworks */ = {
			isa = PBXGroup;
			children = (
				F5AA33B22C41146A2108DEA2 /* Pods_Hangman.framework */,
			);
			name = Frameworks;
			sourceTree = "<group>";
		};
		BB75721E1E5523B40018FFD1 = {
			isa = PBXGroup;
			children = (
				BB7572291E5523B50018FFD1 /* Hangman */,
				BB7572281E5523B50018FFD1 /* Products */,
				763EC00AFFD9B89D239A7427 /* Pods */,
				883BE700D5E8A66E1FCB682D /* Frameworks */,
			);
			sourceTree = "<group>";
		};
		BB7572281E5523B50018FFD1 /* Products */ = {
			isa = PBXGroup;
			children = (
				BB7572271E5523B50018FFD1 /* Hangman.app */,
			);
			name = Products;
			sourceTree = "<group>";
		};
		BB7572291E5523B50018FFD1 /* Hangman */ = {
			isa = PBXGroup;
			children = (
				BB7572421E5559400018FFD1 /* Model */,
				BB7572411E55593A0018FFD1 /* Views */,
				BB7572401E5559310018FFD1 /* Controllers */,
				BB7572431E5559480018FFD1 /* Supporting Files */,
			);
			path = Hangman;
			sourceTree = "<group>";
		};
		BB7572401E5559310018FFD1 /* Controllers */ = {
			isa = PBXGroup;
			children = (
				BBB913481E55601A00E779AA /* GameViewController.swift */,
				BBB913401E555F3F00E779AA /* LoginViewController.swift */,
				BBB913441E555F5200E779AA /* MainViewController.swift */,
				BBB913421E555F4A00E779AA /* RegisterViewController.swift */,
				BBB913461E55601300E779AA /* SettingsViewController.swift */,
				BB75722C1E5523B50018FFD1 /* WelcomeViewController.swift */,
			);
			name = Controllers;
			sourceTree = "<group>";
		};
		BB7572411E55593A0018FFD1 /* Views */ = {
			isa = PBXGroup;
			children = (
				BB75722E1E5523B50018FFD1 /* Main.storyboard */,
			);
			name = Views;
			sourceTree = "<group>";
		};
		BB7572421E5559400018FFD1 /* Model */ = {
			isa = PBXGroup;
			children = (
				BB75722A1E5523B50018FFD1 /* AppDelegate.swift */,
				BBB9134E1E5600E800E779AA /* HangmanAPI.swift */,
				BBDA19431E56C7550007FBA0 /* AppController.swift */,
				BBB913501E56012800E779AA /* HangmanData.swift */,
				BBDA19411E56ACF80007FBA0 /* User.swift */,
				BBDA193F1E56A2690007FBA0 /* Extensions.swift */,
				BBDA19371E5607B40007FBA0 /* Secrets.swift */,
			);
			name = Model;
			sourceTree = "<group>";
		};
		BB7572431E5559480018FFD1 /* Supporting Files */ = {
			isa = PBXGroup;
			children = (
				BB7572331E5523B50018FFD1 /* LaunchScreen.storyboard */,
				BBDA193D1E569AB40007FBA0 /* Assets.xcassets */,
				BB75723C1E55591F0018FFD1 /* BiteChalk.ttf */,
				BB75723D1E55591F0018FFD1 /* BiteChalkBold.ttf */,
				BB75723E1E55591F0018FFD1 /* BiteChalkNormal.ttf */,
				BB75723F1E55591F0018FFD1 /* BiteChalkSlim.ttf */,
				BBDA193A1E5683620007FBA0 /* KeychainWrapper.h */,
				BBDA193B1E5683620007FBA0 /* KeychainWrapper.m */,
				BBB9134A1E5563CE00E779AA /* GoogleService-Info.plist */,
				BB7572361E5523B50018FFD1 /* Info.plist */,
				BBDA19391E5683610007FBA0 /* Hangman-Bridging-Header.h */,
			);
			name = "Supporting Files";
			sourceTree = "<group>";
		};
/* End PBXGroup section */

/* Begin PBXNativeTarget section */
		BB7572261E5523B50018FFD1 /* Hangman */ = {
			isa = PBXNativeTarget;
			buildConfigurationList = BB7572391E5523B50018FFD1 /* Build configuration list for PBXNativeTarget "Hangman" */;
			buildPhases = (
				D072DF36F8FB6B6384CB9490 /* [CP] Check Pods Manifest.lock */,
				BB7572231E5523B50018FFD1 /* Sources */,
				BB7572241E5523B50018FFD1 /* Frameworks */,
				BB7572251E5523B50018FFD1 /* Resources */,
				34A317C3F31BA0A2BCD0CB13 /* [CP] Embed Pods Frameworks */,
				D0DFCE79FB189CA91004D4CB /* [CP] Copy Pods Resources */,
			);
			buildRules = (
			);
			dependencies = (
			);
			name = Hangman;
			productName = Hangman;
			productReference = BB7572271E5523B50018FFD1 /* Hangman.app */;
			productType = "com.apple.product-type.application";
		};
/* End PBXNativeTarget section */

/* Begin PBXProject section */
		BB75721F1E5523B40018FFD1 /* Project object */ = {
			isa = PBXProject;
			attributes = {
				LastSwiftUpdateCheck = 0820;
				LastUpgradeCheck = 0820;
				ORGANIZATIONNAME = Tor;
				TargetAttributes = {
					BB7572261E5523B50018FFD1 = {
						CreatedOnToolsVersion = 8.2.1;
						DevelopmentTeam = 3SZW3Z4QTH;
						LastSwiftMigration = 0820;
						ProvisioningStyle = Automatic;
					};
				};
			};
			buildConfigurationList = BB7572221E5523B40018FFD1 /* Build configuration list for PBXProject "Hangman" */;
			compatibilityVersion = "Xcode 3.2";
			developmentRegion = English;
			hasScannedForEncodings = 0;
			knownRegions = (
				en,
				Base,
			);
			mainGroup = BB75721E1E5523B40018FFD1;
			productRefGroup = BB7572281E5523B50018FFD1 /* Products */;
			projectDirPath = "";
			projectRoot = "";
			targets = (
				BB7572261E5523B50018FFD1 /* Hangman */,
			);
		};
/* End PBXProject section */

/* Begin PBXResourcesBuildPhase section */
		BB7572251E5523B50018FFD1 /* Resources */ = {
			isa = PBXResourcesBuildPhase;
			buildActionMask = 2147483647;
			files = (
				BBB9133F1E555AD800E779AA /* BiteChalkSlim.ttf in Resources */,
				BBB9134B1E5563CE00E779AA /* GoogleService-Info.plist in Resources */,
				BBB9133D1E555AD800E779AA /* BiteChalkBold.ttf in Resources */,
				BBB9133C1E555AD400E779AA /* BiteChalk.ttf in Resources */,
				BB7572351E5523B50018FFD1 /* LaunchScreen.storyboard in Resources */,
				BBB9133E1E555AD800E779AA /* BiteChalkNormal.ttf in Resources */,
				BBDA193E1E569AB40007FBA0 /* Assets.xcassets in Resources */,
				BB7572301E5523B50018FFD1 /* Main.storyboard in Resources */,
			);
			runOnlyForDeploymentPostprocessing = 0;
		};
/* End PBXResourcesBuildPhase section */

/* Begin PBXShellScriptBuildPhase section */
		34A317C3F31BA0A2BCD0CB13 /* [CP] Embed Pods Frameworks */ = {
			isa = PBXShellScriptBuildPhase;
			buildActionMask = 2147483647;
			files = (
			);
			inputPaths = (
			);
			name = "[CP] Embed Pods Frameworks";
			outputPaths = (
			);
			runOnlyForDeploymentPostprocessing = 0;
			shellPath = /bin/sh;
			shellScript = "\"${SRCROOT}/Pods/Target Support Files/Pods-Hangman/Pods-Hangman-frameworks.sh\"\n";
			showEnvVarsInLog = 0;
		};
		D072DF36F8FB6B6384CB9490 /* [CP] Check Pods Manifest.lock */ = {
			isa = PBXShellScriptBuildPhase;
			buildActionMask = 2147483647;
			files = (
			);
			inputPaths = (
			);
			name = "[CP] Check Pods Manifest.lock";
			outputPaths = (
			);
			runOnlyForDeploymentPostprocessing = 0;
			shellPath = /bin/sh;
			shellScript = "diff \"${PODS_ROOT}/../Podfile.lock\" \"${PODS_ROOT}/Manifest.lock\" > /dev/null\nif [ $? != 0 ] ; then\n    # print error to STDERR\n    echo \"error: The sandbox is not in sync with the Podfile.lock. Run 'pod install' or update your CocoaPods installation.\" >&2\n    exit 1\nfi\n";
			showEnvVarsInLog = 0;
		};
		D0DFCE79FB189CA91004D4CB /* [CP] Copy Pods Resources */ = {
			isa = PBXShellScriptBuildPhase;
			buildActionMask = 2147483647;
			files = (
			);
			inputPaths = (
			);
			name = "[CP] Copy Pods Resources";
			outputPaths = (
			);
			runOnlyForDeploymentPostprocessing = 0;
			shellPath = /bin/sh;
			shellScript = "\"${SRCROOT}/Pods/Target Support Files/Pods-Hangman/Pods-Hangman-resources.sh\"\n";
			showEnvVarsInLog = 0;
		};
/* End PBXShellScriptBuildPhase section */

/* Begin PBXSourcesBuildPhase section */
		BB7572231E5523B50018FFD1 /* Sources */ = {
			isa = PBXSourcesBuildPhase;
			buildActionMask = 2147483647;
			files = (
				BBDA19421E56ACF80007FBA0 /* User.swift in Sources */,
				BBB913491E55601A00E779AA /* GameViewController.swift in Sources */,
				BBDA19381E5607B40007FBA0 /* Secrets.swift in Sources */,
				BBB913411E555F3F00E779AA /* LoginViewController.swift in Sources */,
				BB75722D1E5523B50018FFD1 /* WelcomeViewController.swift in Sources */,
				BB75722B1E5523B50018FFD1 /* AppDelegate.swift in Sources */,
				BBB913511E56012800E779AA /* HangmanData.swift in Sources */,
				BBB913431E555F4A00E779AA /* RegisterViewController.swift in Sources */,
				BBDA19401E56A2690007FBA0 /* Extensions.swift in Sources */,
				BBDA193C1E5683620007FBA0 /* KeychainWrapper.m in Sources */,
				BBB913451E555F5200E779AA /* MainViewController.swift in Sources */,
				BBB913471E55601300E779AA /* SettingsViewController.swift in Sources */,
				BBB9134F1E5600E800E779AA /* HangmanAPI.swift in Sources */,
				BBDA19441E56C7550007FBA0 /* AppController.swift in Sources */,
			);
			runOnlyForDeploymentPostprocessing = 0;
		};
/* End PBXSourcesBuildPhase section */

/* Begin PBXVariantGroup section */
		BB75722E1E5523B50018FFD1 /* Main.storyboard */ = {
			isa = PBXVariantGroup;
			children = (
				BB75722F1E5523B50018FFD1 /* Base */,
			);
			name = Main.storyboard;
			sourceTree = "<group>";
		};
		BB7572331E5523B50018FFD1 /* LaunchScreen.storyboard */ = {
			isa = PBXVariantGroup;
			children = (
				BB7572341E5523B50018FFD1 /* Base */,
			);
			name = LaunchScreen.storyboard;
			sourceTree = "<group>";
		};
/* End PBXVariantGroup section */

/* Begin XCBuildConfiguration section */
		BB7572371E5523B50018FFD1 /* Debug */ = {
			isa = XCBuildConfiguration;
			buildSettings = {
				ALWAYS_SEARCH_USER_PATHS = NO;
				CLANG_ANALYZER_NONNULL = YES;
				CLANG_CXX_LANGUAGE_STANDARD = "gnu++0x";
				CLANG_CXX_LIBRARY = "libc++";
				CLANG_ENABLE_MODULES = YES;
				CLANG_ENABLE_OBJC_ARC = YES;
				CLANG_WARN_BOOL_CONVERSION = YES;
				CLANG_WARN_CONSTANT_CONVERSION = YES;
				CLANG_WARN_DIRECT_OBJC_ISA_USAGE = YES_ERROR;
				CLANG_WARN_DOCUMENTATION_COMMENTS = YES;
				CLANG_WARN_EMPTY_BODY = YES;
				CLANG_WARN_ENUM_CONVERSION = YES;
				CLANG_WARN_INFINITE_RECURSION = YES;
				CLANG_WARN_INT_CONVERSION = YES;
				CLANG_WARN_OBJC_ROOT_CLASS = YES_ERROR;
				CLANG_WARN_SUSPICIOUS_MOVE = YES;
				CLANG_WARN_UNREACHABLE_CODE = YES;
				CLANG_WARN__DUPLICATE_METHOD_MATCH = YES;
				"CODE_SIGN_IDENTITY[sdk=iphoneos*]" = "iPhone Developer";
				COPY_PHASE_STRIP = NO;
				DEBUG_INFORMATION_FORMAT = dwarf;
				ENABLE_STRICT_OBJC_MSGSEND = YES;
				ENABLE_TESTABILITY = YES;
				GCC_C_LANGUAGE_STANDARD = gnu99;
				GCC_DYNAMIC_NO_PIC = NO;
				GCC_NO_COMMON_BLOCKS = YES;
				GCC_OPTIMIZATION_LEVEL = 0;
				GCC_PREPROCESSOR_DEFINITIONS = (
					"DEBUG=1",
					"$(inherited)",
				);
				GCC_WARN_64_TO_32_BIT_CONVERSION = YES;
				GCC_WARN_ABOUT_RETURN_TYPE = YES_ERROR;
				GCC_WARN_UNDECLARED_SELECTOR = YES;
				GCC_WARN_UNINITIALIZED_AUTOS = YES_AGGRESSIVE;
				GCC_WARN_UNUSED_FUNCTION = YES;
				GCC_WARN_UNUSED_VARIABLE = YES;
				IPHONEOS_DEPLOYMENT_TARGET = 10.2;
				MTL_ENABLE_DEBUG_INFO = YES;
				ONLY_ACTIVE_ARCH = YES;
				SDKROOT = iphoneos;
				SWIFT_ACTIVE_COMPILATION_CONDITIONS = DEBUG;
				SWIFT_OPTIMIZATION_LEVEL = "-Onone";
				TARGETED_DEVICE_FAMILY = "1,2";
			};
			name = Debug;
		};
		BB7572381E5523B50018FFD1 /* Release */ = {
			isa = XCBuildConfiguration;
			buildSettings = {
				ALWAYS_SEARCH_USER_PATHS = NO;
				CLANG_ANALYZER_NONNULL = YES;
				CLANG_CXX_LANGUAGE_STANDARD = "gnu++0x";
				CLANG_CXX_LIBRARY = "libc++";
				CLANG_ENABLE_MODULES = YES;
				CLANG_ENABLE_OBJC_ARC = YES;
				CLANG_WARN_BOOL_CONVERSION = YES;
				CLANG_WARN_CONSTANT_CONVERSION = YES;
				CLANG_WARN_DIRECT_OBJC_ISA_USAGE = YES_ERROR;
				CLANG_WARN_DOCUMENTATION_COMMENTS = YES;
				CLANG_WARN_EMPTY_BODY = YES;
				CLANG_WARN_ENUM_CONVERSION = YES;
				CLANG_WARN_INFINITE_RECURSION = YES;
				CLANG_WARN_INT_CONVERSION = YES;
				CLANG_WARN_OBJC_ROOT_CLASS = YES_ERROR;
				CLANG_WARN_SUSPICIOUS_MOVE = YES;
				CLANG_WARN_UNREACHABLE_CODE = YES;
				CLANG_WARN__DUPLICATE_METHOD_MATCH = YES;
				"CODE_SIGN_IDENTITY[sdk=iphoneos*]" = "iPhone Developer";
				COPY_PHASE_STRIP = NO;
				DEBUG_INFORMATION_FORMAT = "dwarf-with-dsym";
				ENABLE_NS_ASSERTIONS = NO;
				ENABLE_STRICT_OBJC_MSGSEND = YES;
				GCC_C_LANGUAGE_STANDARD = gnu99;
				GCC_NO_COMMON_BLOCKS = YES;
				GCC_WARN_64_TO_32_BIT_CONVERSION = YES;
				GCC_WARN_ABOUT_RETURN_TYPE = YES_ERROR;
				GCC_WARN_UNDECLARED_SELECTOR = YES;
				GCC_WARN_UNINITIALIZED_AUTOS = YES_AGGRESSIVE;
				GCC_WARN_UNUSED_FUNCTION = YES;
				GCC_WARN_UNUSED_VARIABLE = YES;
				IPHONEOS_DEPLOYMENT_TARGET = 10.2;
				MTL_ENABLE_DEBUG_INFO = NO;
				SDKROOT = iphoneos;
				SWIFT_OPTIMIZATION_LEVEL = "-Owholemodule";
				TARGETED_DEVICE_FAMILY = "1,2";
				VALIDATE_PRODUCT = YES;
			};
			name = Release;
		};
		BB75723A1E5523B50018FFD1 /* Debug */ = {
			isa = XCBuildConfiguration;
			baseConfigurationReference = 6450A2F37BDEE478CB2A888D /* Pods-Hangman.debug.xcconfig */;
			buildSettings = {
				ASSETCATALOG_COMPILER_APPICON_NAME = AppIcon;
				CLANG_ENABLE_MODULES = YES;
				DEVELOPMENT_TEAM = 3SZW3Z4QTH;
				INFOPLIST_FILE = Hangman/Info.plist;
				LD_RUNPATH_SEARCH_PATHS = "$(inherited) @executable_path/Frameworks";
				PRODUCT_BUNDLE_IDENTIFIER = Tor.Hangman;
				PRODUCT_NAME = "$(TARGET_NAME)";
				SWIFT_OBJC_BRIDGING_HEADER = "Hangman/Hangman-Bridging-Header.h";
				SWIFT_OPTIMIZATION_LEVEL = "-Onone";
				SWIFT_VERSION = 3.0;
			};
			name = Debug;
		};
		BB75723B1E5523B50018FFD1 /* Release */ = {
			isa = XCBuildConfiguration;
			baseConfigurationReference = 5335D00A5461AE17F5E13335 /* Pods-Hangman.release.xcconfig */;
			buildSettings = {
				ASSETCATALOG_COMPILER_APPICON_NAME = AppIcon;
				CLANG_ENABLE_MODULES = YES;
				DEVELOPMENT_TEAM = 3SZW3Z4QTH;
				INFOPLIST_FILE = Hangman/Info.plist;
				LD_RUNPATH_SEARCH_PATHS = "$(inherited) @executable_path/Frameworks";
				PRODUCT_BUNDLE_IDENTIFIER = Tor.Hangman;
				PRODUCT_NAME = "$(TARGET_NAME)";
				SWIFT_OBJC_BRIDGING_HEADER = "Hangman/Hangman-Bridging-Header.h";
				SWIFT_VERSION = 3.0;
			};
			name = Release;
		};
/* End XCBuildConfiguration section */

/* Begin XCConfigurationList section */
		BB7572221E5523B40018FFD1 /* Build configuration list for PBXProject "Hangman" */ = {
			isa = XCConfigurationList;
			buildConfigurations = (
				BB7572371E5523B50018FFD1 /* Debug */,
				BB7572381E5523B50018FFD1 /* Release */,
			);
			defaultConfigurationIsVisible = 0;
			defaultConfigurationName = Release;
		};
		BB7572391E5523B50018FFD1 /* Build configuration list for PBXNativeTarget "Hangman" */ = {
			isa = XCConfigurationList;
			buildConfigurations = (
				BB75723A1E5523B50018FFD1 /* Debug */,
				BB75723B1E5523B50018FFD1 /* Release */,
			);
			defaultConfigurationIsVisible = 0;
			defaultConfigurationName = Release;
		};
/* End XCConfigurationList section */
	};
	rootObject = BB75721F1E5523B40018FFD1 /* Project object */;
}
